
Microsoft Visual Studio Solution File, Format Version 12.00
# Visual Studio Version 17
VisualStudioVersion = 17.11.35303.130
MinimumVisualStudioVersion = 10.0.40219.1
Project("{FAE04EC0-301F-11D3-BF4B-00C04F79EFBC}") = "pr13_1", "pr13_1.csproj", "{9751F827-4B6F-48B7-8857-19242AD64D2E}"
EndProject
Global
	GlobalSection(SolutionConfigurationPlatforms) = preSolution
		Debug|Any CPU = Debug|Any CPU
		Release|Any CPU = Release|Any CPU
	EndGlobalSection
	GlobalSection(ProjectConfigurationPlatforms) = postSolution
		{9751F827-4B6F-48B7-8857-19242AD64D2E}.Debug|Any CPU.ActiveCfg = Debug|Any CPU
		{9751F827-4B6F-48B7-8857-19242AD64D2E}.Debug|Any CPU.Build.0 = Debug|Any CPU
		{9751F827-4B6F-48B7-8857-19242AD64D2E}.Release|Any CPU.ActiveCfg = Release|Any CPU
		{9751F827-4B6F-48B7-8857-19242AD64D2E}.Release|Any CPU.Build.0 = Release|Any CPU
	EndGlobalSection
	GlobalSection(SolutionProperties) = preSolution
		HideSolutionNode = FALSE
	EndGlobalSection
	GlobalSection(ExtensibilityGlobals) = postSolution
		SolutionGuid = {576146C6-3A2D-460C-B791-7C5D36555D33}
	EndGlobalSection
EndGlobal
